// !$*UTF8*$!
{
	archiveVersion = 1;
	classes = {
	};
	objectVersion = 48;
	objects = {

/* Begin PBXBuildFile section */
		6340B0161F9F4234007E55F2 /* AppDelegate.m in Sources */ = {isa = PBXBuildFile; fileRef = 6340B0151F9F4234007E55F2 /* AppDelegate.m */; };
		6340B0191F9F4234007E55F2 /* ViewController.m in Sources */ = {isa = PBXBuildFile; fileRef = 6340B0181F9F4234007E55F2 /* ViewController.m */; };
		6340B01C1F9F4234007E55F2 /* Main.storyboard in Resources */ = {isa = PBXBuildFile; fileRef = 6340B01A1F9F4234007E55F2 /* Main.storyboard */; };
		6340B01E1F9F4234007E55F2 /* Assets.xcassets in Resources */ = {isa = PBXBuildFile; fileRef = 6340B01D1F9F4234007E55F2 /* Assets.xcassets */; };
		6340B0211F9F4234007E55F2 /* LaunchScreen.storyboard in Resources */ = {isa = PBXBuildFile; fileRef = 6340B01F1F9F4234007E55F2 /* LaunchScreen.storyboard */; };
		6340B0241F9F4234007E55F2 /* main.m in Sources */ = {isa = PBXBuildFile; fileRef = 6340B0231F9F4234007E55F2 /* main.m */; };
		6340B02D1F9F42BB007E55F2 /* QMUIKeyboardManager.m in Sources */ = {isa = PBXBuildFile; fileRef = 6340B02C1F9F42BB007E55F2 /* QMUIKeyboardManager.m */; };
		6340B0301FA01D41007E55F2 /* CoreGraphics.framework in Frameworks */ = {isa = PBXBuildFile; fileRef = 6340B02F1FA01D41007E55F2 /* CoreGraphics.framework */; };
		6340B0321FA01D48007E55F2 /* SystemConfiguration.framework in Frameworks */ = {isa = PBXBuildFile; fileRef = 6340B0311FA01D48007E55F2 /* SystemConfiguration.framework */; };
		6340B0351FA02917007E55F2 /* QMUITextView.m in Sources */ = {isa = PBXBuildFile; fileRef = 6340B0341FA02917007E55F2 /* QMUITextView.m */; };
/* End PBXBuildFile section */

/* Begin PBXFileReference section */
		6340B0111F9F4234007E55F2 /* KeyboardDemo.app */ = {isa = PBXFileReference; explicitFileType = wrapper.application; includeInIndex = 0; path = KeyboardDemo.app; sourceTree = BUILT_PRODUCTS_DIR; };
		6340B0141F9F4234007E55F2 /* AppDelegate.h */ = {isa = PBXFileReference; lastKnownFileType = sourcecode.c.h; path = AppDelegate.h; sourceTree = "<group>"; };
		6340B0151F9F4234007E55F2 /* AppDelegate.m */ = {isa = PBXFileReference; lastKnownFileType = sourcecode.c.objc; path = AppDelegate.m; sourceTree = "<group>"; };
		6340B0171F9F4234007E55F2 /* ViewController.h */ = {isa = PBXFileReference; lastKnownFileType = sourcecode.c.h; path = ViewController.h; sourceTree = "<group>"; };
		6340B0181F9F4234007E55F2 /* ViewController.m */ = {isa = PBXFileReference; lastKnownFileType = sourcecode.c.objc; path = ViewController.m; sourceTree = "<group>"; };
		6340B01B1F9F4234007E55F2 /* Base */ = {isa = PBXFileReference; lastKnownFileType = file.storyboard; name = Base; path = Base.lproj/Main.storyboard; sourceTree = "<group>"; };
		6340B01D1F9F4234007E55F2 /* Assets.xcassets */ = {isa = PBXFileReference; lastKnownFileType = folder.assetcatalog; path = Assets.xcassets; sourceTree = "<group>"; };
		6340B0201F9F4234007E55F2 /* Base */ = {isa = PBXFileReference; lastKnownFileType = file.storyboard; name = Base; path = Base.lproj/LaunchScreen.storyboard; sourceTree = "<group>"; };
		6340B0221F9F4234007E55F2 /* Info.plist */ = {isa = PBXFileReference; lastKnownFileType = text.plist.xml; path = Info.plist; sourceTree = "<group>"; };
		6340B0231F9F4234007E55F2 /* main.m */ = {isa = PBXFileReference; lastKnownFileType = sourcecode.c.objc; path = main.m; sourceTree = "<group>"; };
		6340B02B1F9F42BB007E55F2 /* QMUIKeyboardManager.h */ = {isa = PBXFileReference; lastKnownFileType = sourcecode.c.h; path = QMUIKeyboardManager.h; sourceTree = "<group>"; };
		6340B02C1F9F42BB007E55F2 /* QMUIKeyboardManager.m */ = {isa = PBXFileReference; lastKnownFileType = sourcecode.c.objc; path = QMUIKeyboardManager.m; sourceTree = "<group>"; };
		6340B02F1FA01D41007E55F2 /* CoreGraphics.framework */ = {isa = PBXFileReference; lastKnownFileType = wrapper.framework; name = CoreGraphics.framework; path = System/Library/Frameworks/CoreGraphics.framework; sourceTree = SDKROOT; };
		6340B0311FA01D48007E55F2 /* SystemConfiguration.framework */ = {isa = PBXFileReference; lastKnownFileType = wrapper.framework; name = SystemConfiguration.framework; path = System/Library/Frameworks/SystemConfiguration.framework; sourceTree = SDKROOT; };
		6340B0331FA02916007E55F2 /* QMUITextView.h */ = {isa = PBXFileReference; lastKnownFileType = sourcecode.c.h; path = QMUITextView.h; sourceTree = "<group>"; };
		6340B0341FA02917007E55F2 /* QMUITextView.m */ = {isa = PBXFileReference; lastKnownFileType = sourcecode.c.objc; path = QMUITextView.m; sourceTree = "<group>"; };
/* End PBXFileReference section */

/* Begin PBXFrameworksBuildPhase section */
		6340B00E1F9F4234007E55F2 /* Frameworks */ = {
			isa = PBXFrameworksBuildPhase;
			buildActionMask = 2147483647;
			files = (
				6340B0321FA01D48007E55F2 /* SystemConfiguration.framework in Frameworks */,
				6340B0301FA01D41007E55F2 /* CoreGraphics.framework in Frameworks */,
			);
			runOnlyForDeploymentPostprocessing = 0;
		};
/* End PBXFrameworksBuildPhase section */

/* Begin PBXGroup section */
		6340B0081F9F4234007E55F2 = {
			isa = PBXGroup;
			children = (
				6340B0131F9F4234007E55F2 /* KeyboardDemo */,
				6340B0121F9F4234007E55F2 /* Products */,
				6340B02E1FA01D41007E55F2 /* Frameworks */,
			);
			sourceTree = "<group>";
		};
		6340B0121F9F4234007E55F2 /* Products */ = {
			isa = PBXGroup;
			children = (
				6340B0111F9F4234007E55F2 /* KeyboardDemo.app */,
			);
			name = Products;
			sourceTree = "<group>";
		};
		6340B0131F9F4234007E55F2 /* KeyboardDemo */ = {
			isa = PBXGroup;
			children = (
				6340B0331FA02916007E55F2 /* QMUITextView.h */,
				6340B0341FA02917007E55F2 /* QMUITextView.m */,
				6340B02B1F9F42BB007E55F2 /* QMUIKeyboardManager.h */,
				6340B02C1F9F42BB007E55F2 /* QMUIKeyboardManager.m */,
				6340B0141F9F4234007E55F2 /* AppDelegate.h */,
				6340B0151F9F4234007E55F2 /* AppDelegate.m */,
				6340B0171F9F4234007E55F2 /* ViewController.h */,
				6340B0181F9F4234007E55F2 /* ViewController.m */,
				6340B01A1F9F4234007E55F2 /* Main.storyboard */,
				6340B01D1F9F4234007E55F2 /* Assets.xcassets */,
				6340B01F1F9F4234007E55F2 /* LaunchScreen.storyboard */,
				6340B0221F9F4234007E55F2 /* Info.plist */,
				6340B0231F9F4234007E55F2 /* main.m */,
			);
			path = KeyboardDemo;
			sourceTree = "<group>";
		};
		6340B02E1FA01D41007E55F2 /* Frameworks */ = {
			isa = PBXGroup;
			children = (
				6340B0311FA01D48007E55F2 /* SystemConfiguration.framework */,
				6340B02F1FA01D41007E55F2 /* CoreGraphics.framework */,
			);
			name = Frameworks;
			sourceTree = "<group>";
		};
/* End PBXGroup section */

/* Begin PBXNativeTarget section */
		6340B0101F9F4234007E55F2 /* KeyboardDemo */ = {
			isa = PBXNativeTarget;
			buildConfigurationList = 6340B0271F9F4234007E55F2 /* Build configuration list for PBXNativeTarget "KeyboardDemo" */;
			buildPhases = (
				6340B00D1F9F4234007E55F2 /* Sources */,
				6340B00E1F9F4234007E55F2 /* Frameworks */,
				6340B00F1F9F4234007E55F2 /* Resources */,
			);
			buildRules = (
			);
			dependencies = (
			);
			name = KeyboardDemo;
			productName = KeyboardDemo;
			productReference = 6340B0111F9F4234007E55F2 /* KeyboardDemo.app */;
			productType = "com.apple.product-type.application";
		};
/* End PBXNativeTarget section */

/* Begin PBXProject section */
		6340B0091F9F4234007E55F2 /* Project object */ = {
			isa = PBXProject;
			attributes = {
				LastUpgradeCheck = 0900;
				ORGANIZATIONNAME = "__无邪_";
				TargetAttributes = {
					6340B0101F9F4234007E55F2 = {
						CreatedOnToolsVersion = 9.0;
						ProvisioningStyle = Automatic;
					};
				};
			};
			buildConfigurationList = 6340B00C1F9F4234007E55F2 /* Build configuration list for PBXProject "KeyboardDemo" */;
			compatibilityVersion = "Xcode 8.0";
			developmentRegion = en;
			hasScannedForEncodings = 0;
			knownRegions = (
				en,
				Base,
			);
			mainGroup = 6340B0081F9F4234007E55F2;
			productRefGroup = 6340B0121F9F4234007E55F2 /* Products */;
			projectDirPath = "";
			projectRoot = "";
			targets = (
				6340B0101F9F4234007E55F2 /* KeyboardDemo */,
			);
		};
/* End PBXProject section */

/* Begin PBXResourcesBuildPhase section */
		6340B00F1F9F4234007E55F2 /* Resources */ = {
			isa = PBXResourcesBuildPhase;
			buildActionMask = 2147483647;
			files = (
				6340B0211F9F4234007E55F2 /* LaunchScreen.storyboard in Resources */,
				6340B01E1F9F4234007E55F2 /* Assets.xcassets in Resources */,
				6340B01C1F9F4234007E55F2 /* Main.storyboard in Resources */,
			);
			runOnlyForDeploymentPostprocessing = 0;
		};
/* End PBXResourcesBuildPhase section */

/* Begin PBXSourcesBuildPhase section */
		6340B00D1F9F4234007E55F2 /* Sources */ = {
			isa = PBXSourcesBuildPhase;
			buildActionMask = 2147483647;
			files = (
				6340B02D1F9F42BB007E55F2 /* QMUIKeyboardManager.m in Sources */,
				6340B0191F9F4234007E55F2 /* ViewController.m in Sources */,
				6340B0351FA02917007E55F2 /* QMUITextView.m in Sources */,
				6340B0241F9F4234007E55F2 /* main.m in Sources */,
				6340B0161F9F4234007E55F2 /* AppDelegate.m in Sources */,
			);
			runOnlyForDeploymentPostprocessing = 0;
		};
/* End PBXSourcesBuildPhase section */

/* Begin PBXVariantGroup section */
		6340B01A1F9F4234007E55F2 /* Main.storyboard */ = {
			isa = PBXVariantGroup;
			children = (
				6340B01B1F9F4234007E55F2 /* Base */,
			);
			name = Main.storyboard;
			sourceTree = "<group>";
		};
		6340B01F1F9F4234007E55F2 /* LaunchScreen.storyboard */ = {
			isa = PBXVariantGroup;
			children = (
				6340B0201F9F4234007E55F2 /* Base */,
			);
			name = LaunchScreen.storyboard;
			sourceTree = "<group>";
		};
/* End PBXVariantGroup section */

/* Begin XCBuildConfiguration section */
		6340B0251F9F4234007E55F2 /* Debug */ = {
			isa = XCBuildConfiguration;
			buildSettings = {
				ALWAYS_SEARCH_USER_PATHS = NO;
				CLANG_ANALYZER_NONNULL = YES;
				CLANG_ANALYZER_NUMBER_OBJECT_CONVERSION = YES_AGGRESSIVE;
				CLANG_CXX_LANGUAGE_STANDARD = "gnu++14";
				CLANG_CXX_LIBRARY = "libc++";
				CLANG_ENABLE_MODULES = YES;
				CLANG_ENABLE_OBJC_ARC = YES;
				CLANG_WARN_BLOCK_CAPTURE_AUTORELEASING = YES;
				CLANG_WARN_BOOL_CONVERSION = YES;
				CLANG_WARN_COMMA = YES;
				CLANG_WARN_CONSTANT_CONVERSION = YES;
				CLANG_WARN_DIRECT_OBJC_ISA_USAGE = YES_ERROR;
				CLANG_WARN_DOCUMENTATION_COMMENTS = YES;
				CLANG_WARN_EMPTY_BODY = YES;
				CLANG_WARN_ENUM_CONVERSION = YES;
				CLANG_WARN_INFINITE_RECURSION = YES;
				CLANG_WARN_INT_CONVERSION = YES;
				CLANG_WARN_NON_LITERAL_NULL_CONVERSION = YES;
				CLANG_WARN_OBJC_LITERAL_CONVERSION = YES;
				CLANG_WARN_OBJC_ROOT_CLASS = YES_ERROR;
				CLANG_WARN_RANGE_LOOP_ANALYSIS = YES;
				CLANG_WARN_STRICT_PROTOTYPES = YES;
				CLANG_WARN_SUSPICIOUS_MOVE = YES;
				CLANG_WARN_UNGUARDED_AVAILABILITY = YES_AGGRESSIVE;
				CLANG_WARN_UNREACHABLE_CODE = YES;
				CLANG_WARN__DUPLICATE_METHOD_MATCH = YES;
				CODE_SIGN_IDENTITY = "iPhone Developer";
				COPY_PHASE_STRIP = NO;
				DEBUG_INFORMATION_FORMAT = dwarf;
				ENABLE_STRICT_OBJC_MSGSEND = YES;
				ENABLE_TESTABILITY = YES;
				GCC_C_LANGUAGE_STANDARD = gnu11;
				GCC_DYNAMIC_NO_PIC = NO;
				GCC_NO_COMMON_BLOCKS = YES;
				GCC_OPTIMIZATION_LEVEL = 0;
				GCC_PREPROCESSOR_DEFINITIONS = (
					"DEBUG=1",
					"$(inherited)",
				);
				GCC_WARN_64_TO_32_BIT_CONVERSION = YES;
				GCC_WARN_ABOUT_RETURN_TYPE = YES_ERROR;
				GCC_WARN_UNDECLARED_SELECTOR = YES;
				GCC_WARN_UNINITIALIZED_AUTOS = YES_AGGRESSIVE;
				GCC_WARN_UNUSED_FUNCTION = YES;
				GCC_WARN_UNUSED_VARIABLE = YES;
				IPHONEOS_DEPLOYMENT_TARGET = 11.0;
				MTL_ENABLE_DEBUG_INFO = YES;
				ONLY_ACTIVE_ARCH = YES;
				SDKROOT = iphoneos;
			};
			name = Debug;
		};
		6340B0261F9F4234007E55F2 /* Release */ = {
			isa = XCBuildConfiguration;
			buildSettings = {
				ALWAYS_SEARCH_USER_PATHS = NO;
				CLANG_ANALYZER_NONNULL = YES;
				CLANG_ANALYZER_NUMBER_OBJECT_CONVERSION = YES_AGGRESSIVE;
				CLANG_CXX_LANGUAGE_STANDARD = "gnu++14";
				CLANG_CXX_LIBRARY = "libc++";
				CLANG_ENABLE_MODULES = YES;
				CLANG_ENABLE_OBJC_ARC = YES;
				CLANG_WARN_BLOCK_CAPTURE_AUTORELEASING = YES;
				CLANG_WARN_BOOL_CONVERSION = YES;
				CLANG_WARN_COMMA = YES;
				CLANG_WARN_CONSTANT_CONVERSION = YES;
				CLANG_WARN_DIRECT_OBJC_ISA_USAGE = YES_ERROR;
				CLANG_WARN_DOCUMENTATION_COMMENTS = YES;
				CLANG_WARN_EMPTY_BODY = YES;
				CLANG_WARN_ENUM_CONVERSION = YES;
				CLANG_WARN_INFINITE_RECURSION = YES;
				CLANG_WARN_INT_CONVERSION = YES;
				CLANG_WARN_NON_LITERAL_NULL_CONVERSION = YES;
				CLANG_WARN_OBJC_LITERAL_CONVERSION = YES;
				CLANG_WARN_OBJC_ROOT_CLASS = YES_ERROR;
				CLANG_WARN_RANGE_LOOP_ANALYSIS = YES;
				CLANG_WARN_STRICT_PROTOTYPES = YES;
				CLANG_WARN_SUSPICIOUS_MOVE = YES;
				CLANG_WARN_UNGUARDED_AVAILABILITY = YES_AGGRESSIVE;
				CLANG_WARN_UNREACHABLE_CODE = YES;
				CLANG_WARN__DUPLICATE_METHOD_MATCH = YES;
				CODE_SIGN_IDENTITY = "iPhone Developer";
				COPY_PHASE_STRIP = NO;
				DEBUG_INFORMATION_FORMAT = "dwarf-with-dsym";
				ENABLE_NS_ASSERTIONS = NO;
				ENABLE_STRICT_OBJC_MSGSEND = YES;
				GCC_C_LANGUAGE_STANDARD = gnu11;
				GCC_NO_COMMON_BLOCKS = YES;
				GCC_WARN_64_TO_32_BIT_CONVERSION = YES;
				GCC_WARN_ABOUT_RETURN_TYPE = YES_ERROR;
				GCC_WARN_UNDECLARED_SELECTOR = YES;
				GCC_WARN_UNINITIALIZED_AUTOS = YES_AGGRESSIVE;
				GCC_WARN_UNUSED_FUNCTION = YES;
				GCC_WARN_UNUSED_VARIABLE = YES;
				IPHONEOS_DEPLOYMENT_TARGET = 11.0;
				MTL_ENABLE_DEBUG_INFO = NO;
				SDKROOT = iphoneos;
				VALIDATE_PRODUCT = YES;
			};
			name = Release;
		};
		6340B0281F9F4234007E55F2 /* Debug */ = {
			isa = XCBuildConfiguration;
			buildSettings = {
				ASSETCATALOG_COMPILER_APPICON_NAME = AppIcon;
				CODE_SIGN_STYLE = Automatic;
				DEVELOPMENT_TEAM = ALC8X8425P;
				INFOPLIST_FILE = KeyboardDemo/Info.plist;
				LD_RUNPATH_SEARCH_PATHS = "$(inherited) @executable_path/Frameworks";
				PRODUCT_BUNDLE_IDENTIFIER = com.fqah.keyboard;
				PRODUCT_NAME = "$(TARGET_NAME)";
				TARGETED_DEVICE_FAMILY = "1,2";
			};
			name = Debug;
		};
		6340B0291F9F4234007E55F2 /* Release */ = {
			isa = XCBuildConfiguration;
			buildSettings = {
				ASSETCATALOG_COMPILER_APPICON_NAME = AppIcon;
				CODE_SIGN_STYLE = Automatic;
				DEVELOPMENT_TEAM = ALC8X8425P;
				INFOPLIST_FILE = KeyboardDemo/Info.plist;
				LD_RUNPATH_SEARCH_PATHS = "$(inherited) @executable_path/Frameworks";
				PRODUCT_BUNDLE_IDENTIFIER = com.fqah.keyboard;
				PRODUCT_NAME = "$(TARGET_NAME)";
				TARGETED_DEVICE_FAMILY = "1,2";
			};
			name = Release;
		};
/* End XCBuildConfiguration section */

/* Begin XCConfigurationList section */
		6340B00C1F9F4234007E55F2 /* Build configuration list for PBXProject "KeyboardDemo" */ = {
			isa = XCConfigurationList;
			buildConfigurations = (
				6340B0251F9F4234007E55F2 /* Debug */,
				6340B0261F9F4234007E55F2 /* Release */,
			);
			defaultConfigurationIsVisible = 0;
			defaultConfigurationName = Release;
		};
		6340B0271F9F4234007E55F2 /* Build configuration list for PBXNativeTarget "KeyboardDemo" */ = {
			isa = XCConfigurationList;
			buildConfigurations = (
				6340B0281F9F4234007E55F2 /* Debug */,
				6340B0291F9F4234007E55F2 /* Release */,
			);
			defaultConfigurationIsVisible = 0;
			defaultConfigurationName = Release;
		};
/* End XCConfigurationList section */
	};
	rootObject = 6340B0091F9F4234007E55F2 /* Project object */;
}
